
Microsoft Visual Studio Solution File, Format Version 12.00
# Visual Studio Version 16
VisualStudioVersion = 16.0.30320.27
MinimumVisualStudioVersion = 10.0.40219.1
Project("{FAE04EC0-301F-11D3-BF4B-00C04F79EFBC}") = "seanca13", "seanca13\seanca13.csproj", "{B19A7FA3-F6D6-4A37-B03E-2341472A3BC5}"
EndProject
Global
	GlobalSection(SolutionConfigurationPlatforms) = preSolution
		Debug|Any CPU = Debug|Any CPU
		Release|Any CPU = Release|Any CPU
	EndGlobalSection
	GlobalSection(ProjectConfigurationPlatforms) = postSolution
		{B19A7FA3-F6D6-4A37-B03E-2341472A3BC5}.Debug|Any CPU.ActiveCfg = Debug|Any CPU
		{B19A7FA3-F6D6-4A37-B03E-2341472A3BC5}.Debug|Any CPU.Build.0 = Debug|Any CPU
		{B19A7FA3-F6D6-4A37-B03E-2341472A3BC5}.Release|Any CPU.ActiveCfg = Release|Any CPU
		{B19A7FA3-F6D6-4A37-B03E-2341472A3BC5}.Release|Any CPU.Build.0 = Release|Any CPU
	EndGlobalSection
	GlobalSection(SolutionProperties) = preSolution
		HideSolutionNode = FALSE
	EndGlobalSection
	GlobalSection(ExtensibilityGlobals) = postSolution
		SolutionGuid = {749C3BEF-68F1-41F0-B39D-144EADBCCB4D}
	EndGlobalSection
EndGlobal
